
Microsoft Visual Studio Solution File, Format Version 12.00
# Visual Studio Version 16
VisualStudioVersion = 16.0.29009.5
MinimumVisualStudioVersion = 10.0.40219.1
Project("{FAE04EC0-301F-11D3-BF4B-00C04F79EFBC}") = "TheExpandable.StoreApi", "TheExpandable.StoreApi\TheExpandable.StoreApi.csproj", "{441AC081-5AE6-46D5-95F9-17616BEA2BF2}"
EndProject
Project("{FAE04EC0-301F-11D3-BF4B-00C04F79EFBC}") = "TheExpandable.Handler", "TheExpandable.Handler\TheExpandable.Handler.csproj", "{DACBF02F-76F9-4C86-9243-DE3F19191831}"
EndProject
Project("{FAE04EC0-301F-11D3-BF4B-00C04F79EFBC}") = "TheExpandable.DataAccess", "TheExpandable.DataAccess\TheExpandable.DataAccess.csproj", "{E9B3EB1D-0DF3-47F2-88AF-498E445F54EE}"
EndProject
Project("{FAE04EC0-301F-11D3-BF4B-00C04F79EFBC}") = "TheExpandable.Entities", "TheExpandable.Entities\TheExpandable.Entities.csproj", "{5505F574-D295-4308-A516-80D5ADD1B9A9}"
EndProject
Global
	GlobalSection(SolutionConfigurationPlatforms) = preSolution
		Debug|Any CPU = Debug|Any CPU
		Release|Any CPU = Release|Any CPU
	EndGlobalSection
	GlobalSection(ProjectConfigurationPlatforms) = postSolution
		{441AC081-5AE6-46D5-95F9-17616BEA2BF2}.Debug|Any CPU.ActiveCfg = Debug|Any CPU
		{441AC081-5AE6-46D5-95F9-17616BEA2BF2}.Debug|Any CPU.Build.0 = Debug|Any CPU
		{441AC081-5AE6-46D5-95F9-17616BEA2BF2}.Release|Any CPU.ActiveCfg = Release|Any CPU
		{441AC081-5AE6-46D5-95F9-17616BEA2BF2}.Release|Any CPU.Build.0 = Release|Any CPU
		{DACBF02F-76F9-4C86-9243-DE3F19191831}.Debug|Any CPU.ActiveCfg = Debug|Any CPU
		{DACBF02F-76F9-4C86-9243-DE3F19191831}.Debug|Any CPU.Build.0 = Debug|Any CPU
		{DACBF02F-76F9-4C86-9243-DE3F19191831}.Release|Any CPU.ActiveCfg = Release|Any CPU
		{DACBF02F-76F9-4C86-9243-DE3F19191831}.Release|Any CPU.Build.0 = Release|Any CPU
		{E9B3EB1D-0DF3-47F2-88AF-498E445F54EE}.Debug|Any CPU.ActiveCfg = Debug|Any CPU
		{E9B3EB1D-0DF3-47F2-88AF-498E445F54EE}.Debug|Any CPU.Build.0 = Debug|Any CPU
		{E9B3EB1D-0DF3-47F2-88AF-498E445F54EE}.Release|Any CPU.ActiveCfg = Release|Any CPU
		{E9B3EB1D-0DF3-47F2-88AF-498E445F54EE}.Release|Any CPU.Build.0 = Release|Any CPU
		{5505F574-D295-4308-A516-80D5ADD1B9A9}.Debug|Any CPU.ActiveCfg = Debug|Any CPU
		{5505F574-D295-4308-A516-80D5ADD1B9A9}.Debug|Any CPU.Build.0 = Debug|Any CPU
		{5505F574-D295-4308-A516-80D5ADD1B9A9}.Release|Any CPU.ActiveCfg = Release|Any CPU
		{5505F574-D295-4308-A516-80D5ADD1B9A9}.Release|Any CPU.Build.0 = Release|Any CPU
	EndGlobalSection
	GlobalSection(SolutionProperties) = preSolution
		HideSolutionNode = FALSE
	EndGlobalSection
	GlobalSection(ExtensibilityGlobals) = postSolution
		SolutionGuid = {6CB33940-70CA-4F0F-B64E-9642AB54D5E9}
	EndGlobalSection
EndGlobal
